// !$*UTF8*$!
{
	archiveVersion = 1;
	classes = {
	};
	objectVersion = 55;
	objects = {

/* Begin PBXBuildFile section */
		CE530E8B2715B3330025D564 /* My_appApp.swift in Sources */ = {isa = PBXBuildFile; fileRef = CE530E8A2715B3330025D564 /* My_appApp.swift */; };
		CE530E8D2715B3330025D564 /* ContentView.swift in Sources */ = {isa = PBXBuildFile; fileRef = CE530E8C2715B3330025D564 /* ContentView.swift */; };
		CE530E8F2715B3340025D564 /* Assets.xcassets in Resources */ = {isa = PBXBuildFile; fileRef = CE530E8E2715B3340025D564 /* Assets.xcassets */; };
		CE530E922715B3340025D564 /* Preview Assets.xcassets in Resources */ = {isa = PBXBuildFile; fileRef = CE530E912715B3340025D564 /* Preview Assets.xcassets */; };
		CE530E9C2715B3340025D564 /* My_appTests.swift in Sources */ = {isa = PBXBuildFile; fileRef = CE530E9B2715B3340025D564 /* My_appTests.swift */; };
		CE530EA62715B3340025D564 /* My_appUITests.swift in Sources */ = {isa = PBXBuildFile; fileRef = CE530EA52715B3340025D564 /* My_appUITests.swift */; };
		CE530EA82715B3340025D564 /* My_appUITestsLaunchTests.swift in Sources */ = {isa = PBXBuildFile; fileRef = CE530EA72715B3340025D564 /* My_appUITestsLaunchTests.swift */; };
/* End PBXBuildFile section */

/* Begin PBXContainerItemProxy section */
		CE530E982715B3340025D564 /* PBXContainerItemProxy */ = {
			isa = PBXContainerItemProxy;
			containerPortal = CE530E7F2715B3330025D564 /* Project object */;
			proxyType = 1;
			remoteGlobalIDString = CE530E862715B3330025D564;
			remoteInfo = "My app";
		};
		CE530EA22715B3340025D564 /* PBXContainerItemProxy */ = {
			isa = PBXContainerItemProxy;
			containerPortal = CE530E7F2715B3330025D564 /* Project object */;
			proxyType = 1;
			remoteGlobalIDString = CE530E862715B3330025D564;
			remoteInfo = "My app";
		};
/* End PBXContainerItemProxy section */

/* Begin PBXFileReference section */
		CE530E872715B3330025D564 /* My app.app */ = {isa = PBXFileReference; explicitFileType = wrapper.application; includeInIndex = 0; path = "My app.app"; sourceTree = BUILT_PRODUCTS_DIR; };
		CE530E8A2715B3330025D564 /* My_appApp.swift */ = {isa = PBXFileReference; lastKnownFileType = sourcecode.swift; path = My_appApp.swift; sourceTree = "<group>"; };
		CE530E8C2715B3330025D564 /* ContentView.swift */ = {isa = PBXFileReference; lastKnownFileType = sourcecode.swift; path = ContentView.swift; sourceTree = "<group>"; };
		CE530E8E2715B3340025D564 /* Assets.xcassets */ = {isa = PBXFileReference; lastKnownFileType = folder.assetcatalog; path = Assets.xcassets; sourceTree = "<group>"; };
		CE530E912715B3340025D564 /* Preview Assets.xcassets */ = {isa = PBXFileReference; lastKnownFileType = folder.assetcatalog; path = "Preview Assets.xcassets"; sourceTree = "<group>"; };
		CE530E972715B3340025D564 /* My appTests.xctest */ = {isa = PBXFileReference; explicitFileType = wrapper.cfbundle; includeInIndex = 0; path = "My appTests.xctest"; sourceTree = BUILT_PRODUCTS_DIR; };
		CE530E9B2715B3340025D564 /* My_appTests.swift */ = {isa = PBXFileReference; lastKnownFileType = sourcecode.swift; path = My_appTests.swift; sourceTree = "<group>"; };
		CE530EA12715B3340025D564 /* My appUITests.xctest */ = {isa = PBXFileReference; explicitFileType = wrapper.cfbundle; includeInIndex = 0; path = "My appUITests.xctest"; sourceTree = BUILT_PRODUCTS_DIR; };
		CE530EA52715B3340025D564 /* My_appUITests.swift */ = {isa = PBXFileReference; lastKnownFileType = sourcecode.swift; path = My_appUITests.swift; sourceTree = "<group>"; };
		CE530EA72715B3340025D564 /* My_appUITestsLaunchTests.swift */ = {isa = PBXFileReference; lastKnownFileType = sourcecode.swift; path = My_appUITestsLaunchTests.swift; sourceTree = "<group>"; };
/* End PBXFileReference section */

/* Begin PBXFrameworksBuildPhase section */
		CE530E842715B3330025D564 /* Frameworks */ = {
			isa = PBXFrameworksBuildPhase;
			buildActionMask = 2147483647;
			files = (
			);
			runOnlyForDeploymentPostprocessing = 0;
		};
		CE530E942715B3340025D564 /* Frameworks */ = {
			isa = PBXFrameworksBuildPhase;
			buildActionMask = 2147483647;
			files = (
			);
			runOnlyForDeploymentPostprocessing = 0;
		};
		CE530E9E2715B3340025D564 /* Frameworks */ = {
			isa = PBXFrameworksBuildPhase;
			buildActionMask = 2147483647;
			files = (
			);
			runOnlyForDeploymentPostprocessing = 0;
		};
/* End PBXFrameworksBuildPhase section */

/* Begin PBXGroup section */
		CE530E7E2715B3330025D564 = {
			isa = PBXGroup;
			children = (
				CE530E892715B3330025D564 /* My app */,
				CE530E9A2715B3340025D564 /* My appTests */,
				CE530EA42715B3340025D564 /* My appUITests */,
				CE530E882715B3330025D564 /* Products */,
			);
			sourceTree = "<group>";
		};
		CE530E882715B3330025D564 /* Products */ = {
			isa = PBXGroup;
			children = (
				CE530E872715B3330025D564 /* My app.app */,
				CE530E972715B3340025D564 /* My appTests.xctest */,
				CE530EA12715B3340025D564 /* My appUITests.xctest */,
			);
			name = Products;
			sourceTree = "<group>";
		};
		CE530E892715B3330025D564 /* My app */ = {
			isa = PBXGroup;
			children = (
				CE530E8A2715B3330025D564 /* My_appApp.swift */,
				CE530E8C2715B3330025D564 /* ContentView.swift */,
				CE530E8E2715B3340025D564 /* Assets.xcassets */,
				CE530E902715B3340025D564 /* Preview Content */,
			);
			path = "My app";
			sourceTree = "<group>";
		};
		CE530E902715B3340025D564 /* Preview Content */ = {
			isa = PBXGroup;
			children = (
				CE530E912715B3340025D564 /* Preview Assets.xcassets */,
			);
			path = "Preview Content";
			sourceTree = "<group>";
		};
		CE530E9A2715B3340025D564 /* My appTests */ = {
			isa = PBXGroup;
			children = (
				CE530E9B2715B3340025D564 /* My_appTests.swift */,
			);
			path = "My appTests";
			sourceTree = "<group>";
		};
		CE530EA42715B3340025D564 /* My appUITests */ = {
			isa = PBXGroup;
			children = (
				CE530EA52715B3340025D564 /* My_appUITests.swift */,
				CE530EA72715B3340025D564 /* My_appUITestsLaunchTests.swift */,
			);
			path = "My appUITests";
			sourceTree = "<group>";
		};
/* End PBXGroup section */

/* Begin PBXNativeTarget section */
		CE530E862715B3330025D564 /* My app */ = {
			isa = PBXNativeTarget;
			buildConfigurationList = CE530EAB2715B3340025D564 /* Build configuration list for PBXNativeTarget "My app" */;
			buildPhases = (
				CE530E832715B3330025D564 /* Sources */,
				CE530E842715B3330025D564 /* Frameworks */,
				CE530E852715B3330025D564 /* Resources */,
			);
			buildRules = (
			);
			dependencies = (
			);
			name = "My app";
			productName = "My app";
			productReference = CE530E872715B3330025D564 /* My app.app */;
			productType = "com.apple.product-type.application";
		};
		CE530E962715B3340025D564 /* My appTests */ = {
			isa = PBXNativeTarget;
			buildConfigurationList = CE530EAE2715B3340025D564 /* Build configuration list for PBXNativeTarget "My appTests" */;
			buildPhases = (
				CE530E932715B3340025D564 /* Sources */,
				CE530E942715B3340025D564 /* Frameworks */,
				CE530E952715B3340025D564 /* Resources */,
			);
			buildRules = (
			);
			dependencies = (
				CE530E992715B3340025D564 /* PBXTargetDependency */,
			);
			name = "My appTests";
			productName = "My appTests";
			productReference = CE530E972715B3340025D564 /* My appTests.xctest */;
			productType = "com.apple.product-type.bundle.unit-test";
		};
		CE530EA02715B3340025D564 /* My appUITests */ = {
			isa = PBXNativeTarget;
			buildConfigurationList = CE530EB12715B3340025D564 /* Build configuration list for PBXNativeTarget "My appUITests" */;
			buildPhases = (
				CE530E9D2715B3340025D564 /* Sources */,
				CE530E9E2715B3340025D564 /* Frameworks */,
				CE530E9F2715B3340025D564 /* Resources */,
			);
			buildRules = (
			);
			dependencies = (
				CE530EA32715B3340025D564 /* PBXTargetDependency */,
			);
			name = "My appUITests";
			productName = "My appUITests";
			productReference = CE530EA12715B3340025D564 /* My appUITests.xctest */;
			productType = "com.apple.product-type.bundle.ui-testing";
		};
/* End PBXNativeTarget section */

/* Begin PBXProject section */
		CE530E7F2715B3330025D564 /* Project object */ = {
			isa = PBXProject;
			attributes = {
				BuildIndependentTargetsInParallel = 1;
				LastSwiftUpdateCheck = 1300;
				LastUpgradeCheck = 1300;
				TargetAttributes = {
					CE530E862715B3330025D564 = {
						CreatedOnToolsVersion = 13.0;
					};
					CE530E962715B3340025D564 = {
						CreatedOnToolsVersion = 13.0;
						TestTargetID = CE530E862715B3330025D564;
					};
					CE530EA02715B3340025D564 = {
						CreatedOnToolsVersion = 13.0;
						TestTargetID = CE530E862715B3330025D564;
					};
				};
			};
			buildConfigurationList = CE530E822715B3330025D564 /* Build configuration list for PBXProject "My app" */;
			compatibilityVersion = "Xcode 13.0";
			developmentRegion = en;
			hasScannedForEncodings = 0;
			knownRegions = (
				en,
				Base,
			);
			mainGroup = CE530E7E2715B3330025D564;
			productRefGroup = CE530E882715B3330025D564 /* Products */;
			projectDirPath = "";
			projectRoot = "";
			targets = (
				CE530E862715B3330025D564 /* My app */,
				CE530E962715B3340025D564 /* My appTests */,
				CE530EA02715B3340025D564 /* My appUITests */,
			);
		};
/* End PBXProject section */

/* Begin PBXResourcesBuildPhase section */
		CE530E852715B3330025D564 /* Resources */ = {
			isa = PBXResourcesBuildPhase;
			buildActionMask = 2147483647;
			files = (
				CE530E922715B3340025D564 /* Preview Assets.xcassets in Resources */,
				CE530E8F2715B3340025D564 /* Assets.xcassets in Resources */,
			);
			runOnlyForDeploymentPostprocessing = 0;
		};
		CE530E952715B3340025D564 /* Resources */ = {
			isa = PBXResourcesBuildPhase;
			buildActionMask = 2147483647;
			files = (
			);
			runOnlyForDeploymentPostprocessing = 0;
		};
		CE530E9F2715B3340025D564 /* Resources */ = {
			isa = PBXResourcesBuildPhase;
			buildActionMask = 2147483647;
			files = (
			);
			runOnlyForDeploymentPostprocessing = 0;
		};
/* End PBXResourcesBuildPhase section */

/* Begin PBXSourcesBuildPhase section */
		CE530E832715B3330025D564 /* Sources */ = {
			isa = PBXSourcesBuildPhase;
			buildActionMask = 2147483647;
			files = (
				CE530E8D2715B3330025D564 /* ContentView.swift in Sources */,
				CE530E8B2715B3330025D564 /* My_appApp.swift in Sources */,
			);
			runOnlyForDeploymentPostprocessing = 0;
		};
		CE530E932715B3340025D564 /* Sources */ = {
			isa = PBXSourcesBuildPhase;
			buildActionMask = 2147483647;
			files = (
				CE530E9C2715B3340025D564 /* My_appTests.swift in Sources */,
			);
			runOnlyForDeploymentPostprocessing = 0;
		};
		CE530E9D2715B3340025D564 /* Sources */ = {
			isa = PBXSourcesBuildPhase;
			buildActionMask = 2147483647;
			files = (
				CE530EA82715B3340025D564 /* My_appUITestsLaunchTests.swift in Sources */,
				CE530EA62715B3340025D564 /* My_appUITests.swift in Sources */,
			);
			runOnlyForDeploymentPostprocessing = 0;
		};
/* End PBXSourcesBuildPhase section */

/* Begin PBXTargetDependency section */
		CE530E992715B3340025D564 /* PBXTargetDependency */ = {
			isa = PBXTargetDependency;
			target = CE530E862715B3330025D564 /* My app */;
			targetProxy = CE530E982715B3340025D564 /* PBXContainerItemProxy */;
		};
		CE530EA32715B3340025D564 /* PBXTargetDependency */ = {
			isa = PBXTargetDependency;
			target = CE530E862715B3330025D564 /* My app */;
			targetProxy = CE530EA22715B3340025D564 /* PBXContainerItemProxy */;
		};
/* End PBXTargetDependency section */

/* Begin XCBuildConfiguration section */
		CE530EA92715B3340025D564 /* Debug */ = {
			isa = XCBuildConfiguration;
			buildSettings = {
				ALWAYS_SEARCH_USER_PATHS = NO;
				CLANG_ANALYZER_NONNULL = YES;
				CLANG_ANALYZER_NUMBER_OBJECT_CONVERSION = YES_AGGRESSIVE;
				CLANG_CXX_LANGUAGE_STANDARD = "gnu++17";
				CLANG_CXX_LIBRARY = "libc++";
				CLANG_ENABLE_MODULES = YES;
				CLANG_ENABLE_OBJC_ARC = YES;
				CLANG_ENABLE_OBJC_WEAK = YES;
				CLANG_WARN_BLOCK_CAPTURE_AUTORELEASING = YES;
				CLANG_WARN_BOOL_CONVERSION = YES;
				CLANG_WARN_COMMA = YES;
				CLANG_WARN_CONSTANT_CONVERSION = YES;
				CLANG_WARN_DEPRECATED_OBJC_IMPLEMENTATIONS = YES;
				CLANG_WARN_DIRECT_OBJC_ISA_USAGE = YES_ERROR;
				CLANG_WARN_DOCUMENTATION_COMMENTS = YES;
				CLANG_WARN_EMPTY_BODY = YES;
				CLANG_WARN_ENUM_CONVERSION = YES;
				CLANG_WARN_INFINITE_RECURSION = YES;
				CLANG_WARN_INT_CONVERSION = YES;
				CLANG_WARN_NON_LITERAL_NULL_CONVERSION = YES;
				CLANG_WARN_OBJC_IMPLICIT_RETAIN_SELF = YES;
				CLANG_WARN_OBJC_LITERAL_CONVERSION = YES;
				CLANG_WARN_OBJC_ROOT_CLASS = YES_ERROR;
				CLANG_WARN_QUOTED_INCLUDE_IN_FRAMEWORK_HEADER = YES;
				CLANG_WARN_RANGE_LOOP_ANALYSIS = YES;
				CLANG_WARN_STRICT_PROTOTYPES = YES;
				CLANG_WARN_SUSPICIOUS_MOVE = YES;
				CLANG_WARN_UNGUARDED_AVAILABILITY = YES_AGGRESSIVE;
				CLANG_WARN_UNREACHABLE_CODE = YES;
				CLANG_WARN__DUPLICATE_METHOD_MATCH = YES;
				COPY_PHASE_STRIP = NO;
				DEBUG_INFORMATION_FORMAT = dwarf;
				ENABLE_STRICT_OBJC_MSGSEND = YES;
				ENABLE_TESTABILITY = YES;
				GCC_C_LANGUAGE_STANDARD = gnu11;
				GCC_DYNAMIC_NO_PIC = NO;
				GCC_NO_COMMON_BLOCKS = YES;
				GCC_OPTIMIZATION_LEVEL = 0;
				GCC_PREPROCESSOR_DEFINITIONS = (
					"DEBUG=1",
					"$(inherited)",
				);
				GCC_WARN_64_TO_32_BIT_CONVERSION = YES;
				GCC_WARN_ABOUT_RETURN_TYPE = YES_ERROR;
				GCC_WARN_UNDECLARED_SELECTOR = YES;
				GCC_WARN_UNINITIALIZED_AUTOS = YES_AGGRESSIVE;
				GCC_WARN_UNUSED_FUNCTION = YES;
				GCC_WARN_UNUSED_VARIABLE = YES;
				IPHONEOS_DEPLOYMENT_TARGET = 15.0;
				MTL_ENABLE_DEBUG_INFO = INCLUDE_SOURCE;
				MTL_FAST_MATH = YES;
				ONLY_ACTIVE_ARCH = YES;
				SDKROOT = iphoneos;
				SWIFT_ACTIVE_COMPILATION_CONDITIONS = DEBUG;
				SWIFT_OPTIMIZATION_LEVEL = "-Onone";
			};
			name = Debug;
		};
		CE530EAA2715B3340025D564 /* Release */ = {
			isa = XCBuildConfiguration;
			buildSettings = {
				ALWAYS_SEARCH_USER_PATHS = NO;
				CLANG_ANALYZER_NONNULL = YES;
				CLANG_ANALYZER_NUMBER_OBJECT_CONVERSION = YES_AGGRESSIVE;
				CLANG_CXX_LANGUAGE_STANDARD = "gnu++17";
				CLANG_CXX_LIBRARY = "libc++";
				CLANG_ENABLE_MODULES = YES;
				CLANG_ENABLE_OBJC_ARC = YES;
				CLANG_ENABLE_OBJC_WEAK = YES;
				CLANG_WARN_BLOCK_CAPTURE_AUTORELEASING = YES;
				CLANG_WARN_BOOL_CONVERSION = YES;
				CLANG_WARN_COMMA = YES;
				CLANG_WARN_CONSTANT_CONVERSION = YES;
				CLANG_WARN_DEPRECATED_OBJC_IMPLEMENTATIONS = YES;
				CLANG_WARN_DIRECT_OBJC_ISA_USAGE = YES_ERROR;
				CLANG_WARN_DOCUMENTATION_COMMENTS = YES;
				CLANG_WARN_EMPTY_BODY = YES;
				CLANG_WARN_ENUM_CONVERSION = YES;
				CLANG_WARN_INFINITE_RECURSION = YES;
				CLANG_WARN_INT_CONVERSION = YES;
				CLANG_WARN_NON_LITERAL_NULL_CONVERSION = YES;
				CLANG_WARN_OBJC_IMPLICIT_RETAIN_SELF = YES;
				CLANG_WARN_OBJC_LITERAL_CONVERSION = YES;
				CLANG_WARN_OBJC_ROOT_CLASS = YES_ERROR;
				CLANG_WARN_QUOTED_INCLUDE_IN_FRAMEWORK_HEADER = YES;
				CLANG_WARN_RANGE_LOOP_ANALYSIS = YES;
				CLANG_WARN_STRICT_PROTOTYPES = YES;
				CLANG_WARN_SUSPICIOUS_MOVE = YES;
				CLANG_WARN_UNGUARDED_AVAILABILITY = YES_AGGRESSIVE;
				CLANG_WARN_UNREACHABLE_CODE = YES;
				CLANG_WARN__DUPLICATE_METHOD_MATCH = YES;
				COPY_PHASE_STRIP = NO;
				DEBUG_INFORMATION_FORMAT = "dwarf-with-dsym";
				ENABLE_NS_ASSERTIONS = NO;
				ENABLE_STRICT_OBJC_MSGSEND = YES;
				GCC_C_LANGUAGE_STANDARD = gnu11;
				GCC_NO_COMMON_BLOCKS = YES;
				GCC_WARN_64_TO_32_BIT_CONVERSION = YES;
				GCC_WARN_ABOUT_RETURN_TYPE = YES_ERROR;
				GCC_WARN_UNDECLARED_SELECTOR = YES;
				GCC_WARN_UNINITIALIZED_AUTOS = YES_AGGRESSIVE;
				GCC_WARN_UNUSED_FUNCTION = YES;
				GCC_WARN_UNUSED_VARIABLE = YES;
				IPHONEOS_DEPLOYMENT_TARGET = 15.0;
				MTL_ENABLE_DEBUG_INFO = NO;
				MTL_FAST_MATH = YES;
				SDKROOT = iphoneos;
				SWIFT_COMPILATION_MODE = wholemodule;
				SWIFT_OPTIMIZATION_LEVEL = "-O";
				VALIDATE_PRODUCT = YES;
			};
			name = Release;
		};
		CE530EAC2715B3340025D564 /* Debug */ = {
			isa = XCBuildConfiguration;
			buildSettings = {
				ASSETCATALOG_COMPILER_APPICON_NAME = AppIcon;
				ASSETCATALOG_COMPILER_GLOBAL_ACCENT_COLOR_NAME = AccentColor;
				CODE_SIGN_STYLE = Automatic;
				CURRENT_PROJECT_VERSION = 1;
				DEVELOPMENT_ASSET_PATHS = "\"My app/Preview Content\"";
				ENABLE_PREVIEWS = YES;
				GENERATE_INFOPLIST_FILE = YES;
				INFOPLIST_KEY_UIApplicationSceneManifest_Generation = YES;
				INFOPLIST_KEY_UIApplicationSupportsIndirectInputEvents = YES;
				INFOPLIST_KEY_UILaunchScreen_Generation = YES;
				INFOPLIST_KEY_UISupportedInterfaceOrientations_iPad = "UIInterfaceOrientationPortrait UIInterfaceOrientationPortraitUpsideDown UIInterfaceOrientationLandscapeLeft UIInterfaceOrientationLandscapeRight";
				INFOPLIST_KEY_UISupportedInterfaceOrientations_iPhone = "UIInterfaceOrientationPortrait UIInterfaceOrientationLandscapeLeft UIInterfaceOrientationLandscapeRight";
				IPHONEOS_DEPLOYMENT_TARGET = 14.0;
				LD_RUNPATH_SEARCH_PATHS = (
					"$(inherited)",
					"@executable_path/Frameworks",
				);
				MARKETING_VERSION = 1.0;
				PRODUCT_BUNDLE_IDENTIFIER = "learnSwift.My-app";
				PRODUCT_NAME = "$(TARGET_NAME)";
				SWIFT_EMIT_LOC_STRINGS = YES;
				SWIFT_VERSION = 5.0;
				TARGETED_DEVICE_FAMILY = "1,2";
			};
			name = Debug;
		};
		CE530EAD2715B3340025D564 /* Release */ = {
			isa = XCBuildConfiguration;
			buildSettings = {
				ASSETCATALOG_COMPILER_APPICON_NAME = AppIcon;
				ASSETCATALOG_COMPILER_GLOBAL_ACCENT_COLOR_NAME = AccentColor;
				CODE_SIGN_STYLE = Automatic;
				CURRENT_PROJECT_VERSION = 1;
				DEVELOPMENT_ASSET_PATHS = "\"My app/Preview Content\"";
				ENABLE_PREVIEWS = YES;
				GENERATE_INFOPLIST_FILE = YES;
				INFOPLIST_KEY_UIApplicationSceneManifest_Generation = YES;
				INFOPLIST_KEY_UIApplicationSupportsIndirectInputEvents = YES;
				INFOPLIST_KEY_UILaunchScreen_Generation = YES;
				INFOPLIST_KEY_UISupportedInterfaceOrientations_iPad = "UIInterfaceOrientationPortrait UIInterfaceOrientationPortraitUpsideDown UIInterfaceOrientationLandscapeLeft UIInterfaceOrientationLandscapeRight";
				INFOPLIST_KEY_UISupportedInterfaceOrientations_iPhone = "UIInterfaceOrientationPortrait UIInterfaceOrientationLandscapeLeft UIInterfaceOrientationLandscapeRight";
				IPHONEOS_DEPLOYMENT_TARGET = 14.0;
				LD_RUNPATH_SEARCH_PATHS = (
					"$(inherited)",
					"@executable_path/Frameworks",
				);
				MARKETING_VERSION = 1.0;
				PRODUCT_BUNDLE_IDENTIFIER = "learnSwift.My-app";
				PRODUCT_NAME = "$(TARGET_NAME)";
				SWIFT_EMIT_LOC_STRINGS = YES;
				SWIFT_VERSION = 5.0;
				TARGETED_DEVICE_FAMILY = "1,2";
			};
			name = Release;
		};
		CE530EAF2715B3340025D564 /* Debug */ = {
			isa = XCBuildConfiguration;
			buildSettings = {
				ALWAYS_EMBED_SWIFT_STANDARD_LIBRARIES = YES;
				BUNDLE_LOADER = "$(TEST_HOST)";
				CODE_SIGN_STYLE = Automatic;
				CURRENT_PROJECT_VERSION = 1;
				GENERATE_INFOPLIST_FILE = YES;
				IPHONEOS_DEPLOYMENT_TARGET = 14.0;
				LD_RUNPATH_SEARCH_PATHS = (
					"$(inherited)",
					"@executable_path/Frameworks",
					"@loader_path/Frameworks",
				);
				MARKETING_VERSION = 1.0;
				PRODUCT_BUNDLE_IDENTIFIER = "learnSwift.My-appTests";
				PRODUCT_NAME = "$(TARGET_NAME)";
				SWIFT_EMIT_LOC_STRINGS = NO;
				SWIFT_VERSION = 5.0;
				TARGETED_DEVICE_FAMILY = "1,2";
				TEST_HOST = "$(BUILT_PRODUCTS_DIR)/My app.app/My app";
			};
			name = Debug;
		};
		CE530EB02715B3340025D564 /* Release */ = {
			isa = XCBuildConfiguration;
			buildSettings = {
				ALWAYS_EMBED_SWIFT_STANDARD_LIBRARIES = YES;
				BUNDLE_LOADER = "$(TEST_HOST)";
				CODE_SIGN_STYLE = Automatic;
				CURRENT_PROJECT_VERSION = 1;
				GENERATE_INFOPLIST_FILE = YES;
				IPHONEOS_DEPLOYMENT_TARGET = 14.0;
				LD_RUNPATH_SEARCH_PATHS = (
					"$(inherited)",
					"@executable_path/Frameworks",
					"@loader_path/Frameworks",
				);
				MARKETING_VERSION = 1.0;
				PRODUCT_BUNDLE_IDENTIFIER = "learnSwift.My-appTests";
				PRODUCT_NAME = "$(TARGET_NAME)";
				SWIFT_EMIT_LOC_STRINGS = NO;
				SWIFT_VERSION = 5.0;
				TARGETED_DEVICE_FAMILY = "1,2";
				TEST_HOST = "$(BUILT_PRODUCTS_DIR)/My app.app/My app";
			};
			name = Release;
		};
		CE530EB22715B3340025D564 /* Debug */ = {
			isa = XCBuildConfiguration;
			buildSettings = {
				ALWAYS_EMBED_SWIFT_STANDARD_LIBRARIES = YES;
				CODE_SIGN_STYLE = Automatic;
				CURRENT_PROJECT_VERSION = 1;
				GENERATE_INFOPLIST_FILE = YES;
				LD_RUNPATH_SEARCH_PATHS = (
					"$(inherited)",
					"@executable_path/Frameworks",
					"@loader_path/Frameworks",
				);
				MARKETING_VERSION = 1.0;
				PRODUCT_BUNDLE_IDENTIFIER = "learnSwift.My-appUITests";
				PRODUCT_NAME = "$(TARGET_NAME)";
				SWIFT_EMIT_LOC_STRINGS = NO;
				SWIFT_VERSION = 5.0;
				TARGETED_DEVICE_FAMILY = "1,2";
				TEST_TARGET_NAME = "My app";
			};
			name = Debug;
		};
		CE530EB32715B3340025D564 /* Release */ = {
			isa = XCBuildConfiguration;
			buildSettings = {
				ALWAYS_EMBED_SWIFT_STANDARD_LIBRARIES = YES;
				CODE_SIGN_STYLE = Automatic;
				CURRENT_PROJECT_VERSION = 1;
				GENERATE_INFOPLIST_FILE = YES;
				LD_RUNPATH_SEARCH_PATHS = (
					"$(inherited)",
					"@executable_path/Frameworks",
					"@loader_path/Frameworks",
				);
				MARKETING_VERSION = 1.0;
				PRODUCT_BUNDLE_IDENTIFIER = "learnSwift.My-appUITests";
				PRODUCT_NAME = "$(TARGET_NAME)";
				SWIFT_EMIT_LOC_STRINGS = NO;
				SWIFT_VERSION = 5.0;
				TARGETED_DEVICE_FAMILY = "1,2";
				TEST_TARGET_NAME = "My app";
			};
			name = Release;
		};
/* End XCBuildConfiguration section */

/* Begin XCConfigurationList section */
		CE530E822715B3330025D564 /* Build configuration list for PBXProject "My app" */ = {
			isa = XCConfigurationList;
			buildConfigurations = (
				CE530EA92715B3340025D564 /* Debug */,
				CE530EAA2715B3340025D564 /* Release */,
			);
			defaultConfigurationIsVisible = 0;
			defaultConfigurationName = Release;
		};
		CE530EAB2715B3340025D564 /* Build configuration list for PBXNativeTarget "My app" */ = {
			isa = XCConfigurationList;
			buildConfigurations = (
				CE530EAC2715B3340025D564 /* Debug */,
				CE530EAD2715B3340025D564 /* Release */,
			);
			defaultConfigurationIsVisible = 0;
			defaultConfigurationName = Release;
		};
		CE530EAE2715B3340025D564 /* Build configuration list for PBXNativeTarget "My appTests" */ = {
			isa = XCConfigurationList;
			buildConfigurations = (
				CE530EAF2715B3340025D564 /* Debug */,
				CE530EB02715B3340025D564 /* Release */,
			);
			defaultConfigurationIsVisible = 0;
			defaultConfigurationName = Release;
		};
		CE530EB12715B3340025D564 /* Build configuration list for PBXNativeTarget "My appUITests" */ = {
			isa = XCConfigurationList;
			buildConfigurations = (
				CE530EB22715B3340025D564 /* Debug */,
				CE530EB32715B3340025D564 /* Release */,
			);
			defaultConfigurationIsVisible = 0;
			defaultConfigurationName = Release;
		};
/* End XCConfigurationList section */
	};
	rootObject = CE530E7F2715B3330025D564 /* Project object */;
}
